
Microsoft Visual Studio Solution File, Format Version 12.00
# Visual Studio Version 17
VisualStudioVersion = 17.11.35312.102
MinimumVisualStudioVersion = 10.0.40219.1
Project("{FAE04EC0-301F-11D3-BF4B-00C04F79EFBC}") = "JCAM CONNECT", "JCAM CONNECT\JCAM CONNECT.csproj", "{A52B7629-7107-4D9B-AC63-6D890A6BBF19}"
EndProject
Global
	GlobalSection(SolutionConfigurationPlatforms) = preSolution
		Debug|Any CPU = Debug|Any CPU
		Release|Any CPU = Release|Any CPU
	EndGlobalSection
	GlobalSection(ProjectConfigurationPlatforms) = postSolution
		{A52B7629-7107-4D9B-AC63-6D890A6BBF19}.Debug|Any CPU.ActiveCfg = Debug|Any CPU
		{A52B7629-7107-4D9B-AC63-6D890A6BBF19}.Debug|Any CPU.Build.0 = Debug|Any CPU
		{A52B7629-7107-4D9B-AC63-6D890A6BBF19}.Release|Any CPU.ActiveCfg = Release|Any CPU
		{A52B7629-7107-4D9B-AC63-6D890A6BBF19}.Release|Any CPU.Build.0 = Release|Any CPU
	EndGlobalSection
	GlobalSection(SolutionProperties) = preSolution
		HideSolutionNode = FALSE
	EndGlobalSection
	GlobalSection(ExtensibilityGlobals) = postSolution
		SolutionGuid = {8C52BF46-5087-4337-8701-8B00EC3F30FF}
	EndGlobalSection
EndGlobal
